
Microsoft Visual Studio Solution File, Format Version 12.00
# Visual Studio Version 17
VisualStudioVersion = 17.6.33723.286
MinimumVisualStudioVersion = 10.0.40219.1
Project("{9A19103F-16F7-4668-BE54-9A1E7A4F7556}") = "EPYSLSAILORAPP", "EPYSLSAILORAPP\EPYSLSAILORAPP.csproj", "{A7EFFE23-961B-4AEE-B389-2CE058AE62C7}"
EndProject
Project("{9A19103F-16F7-4668-BE54-9A1E7A4F7556}") = "EPYSLSAILORAPP.Application", "EPYSLSAILORAPP.Application\EPYSLSAILORAPP.Application.csproj", "{E470E3E9-6289-411D-8B35-913E9DC1A180}"
EndProject
Project("{9A19103F-16F7-4668-BE54-9A1E7A4F7556}") = "EPYSLSAILORAPP.Domain", "EPYSLSAILORAPP.Domain\EPYSLSAILORAPP.Domain.csproj", "{CA808AEB-EB3C-42DD-8CEE-EB94E60C7C5A}"
EndProject
Project("{9A19103F-16F7-4668-BE54-9A1E7A4F7556}") = "EPYSLSAILORAPP.Infrastructure", "EPYSLSAILORAPP.Infrastructure\EPYSLSAILORAPP.Infrastructure.csproj", "{0200BDC9-AC5E-4EC2-8AE1-BB07E1BBCB52}"
EndProject
Project("{9A19103F-16F7-4668-BE54-9A1E7A4F7556}") = "EPYSLSAILORAPP.Infrastructure.Identity", "EPYSLSAILORAPP.Infrastructure.Identity\EPYSLSAILORAPP.Infrastructure.Identity.csproj", "{DE235728-B69D-4BEF-95E1-ECBFD7FAFC47}"
EndProject
Project("{2150E333-8FDC-42A3-9474-1A3956D46DE8}") = "App", "App", "{F719BF57-D03C-440F-B639-7F364B83C6C1}"
EndProject
Project("{2150E333-8FDC-42A3-9474-1A3956D46DE8}") = "Core", "Core", "{AB7B46CE-D0E8-4663-B35E-B37D170C5AD5}"
EndProject
Project("{2150E333-8FDC-42A3-9474-1A3956D46DE8}") = "Infrastructure", "Infrastructure", "{795A772D-5970-412F-A6C3-1E88D2C925CB}"
EndProject
Project("{2150E333-8FDC-42A3-9474-1A3956D46DE8}") = "src", "src", "{0210CEBA-E115-40F5-ABA8-F6C1C6E6FA38}"
EndProject
Project("{2150E333-8FDC-42A3-9474-1A3956D46DE8}") = "A_Documents", "A_Documents", "{7CF2D32F-8041-43AF-867B-ACF3CC397C4C}"
EndProject
Project("{2150E333-8FDC-42A3-9474-1A3956D46DE8}") = "HelpProject", "HelpProject", "{4ACFF853-4C8E-4E3E-AAD7-A04F0D13C2E8}"
EndProject
Project("{FAE04EC0-301F-11D3-BF4B-00C04F79EFBC}") = "DALGenerator", "HelpProject\DALGenerator\DALGenerator.csproj", "{C4719F62-201B-4F52-99C8-85BB3DE2CED0}"
EndProject
Project("{2150E333-8FDC-42A3-9474-1A3956D46DE8}") = "RND", "RND", "{9F97AABA-7FC5-49BA-8522-31DC40C02B4E}"
	ProjectSection(SolutionItems) = preProject
		EPYSLSAILORAPP\appsettings.Development.json = EPYSLSAILORAPP\appsettings.Development.json
		EPYSLSAILORAPP\appsettings.json = EPYSLSAILORAPP\appsettings.json
	EndProjectSection
EndProject
Project("{9A19103F-16F7-4668-BE54-9A1E7A4F7556}") = "PostgreCRUD", "RND\PostgreCRUD\PostgreCRUD\PostgreCRUD.csproj", "{6F88A04D-7B66-4529-B8CA-ACA3CBA99258}"
EndProject
Project("{2150E333-8FDC-42A3-9474-1A3956D46DE8}") = "DB", "DB", "{BDBCC5A4-A757-4DAD-9E0A-0E54F581DC86}"
	ProjectSection(SolutionItems) = preProject
		dbScript.txt = dbScript.txt
		DB_Back\db_10_dec_2023.sql = DB_Back\db_10_dec_2023.sql
		help.txt = help.txt
		project._help.txt = project._help.txt
		to do.txt = to do.txt
	EndProjectSection
EndProject
Project("{2150E333-8FDC-42A3-9474-1A3956D46DE8}") = "RDLC", "RDLC", "{4A1F705B-F1DA-4A4E-A170-1EDAE69156E6}"
EndProject
Project("{FAE04EC0-301F-11D3-BF4B-00C04F79EFBC}") = "rdlc3", "rdlc3\rdlc3.csproj", "{821E14C1-7B01-46C2-86E5-D834D15988E1}"
EndProject
Project("{2150E333-8FDC-42A3-9474-1A3956D46DE8}") = "Service", "Service", "{2A2EB956-AEFB-4B13-AD03-FFD68E7A7D6A}"
EndProject
Project("{2150E333-8FDC-42A3-9474-1A3956D46DE8}") = "WindowsServices", "WindowsServices", "{DF9DA0E2-983D-43BF-B478-F4AFF5A75A46}"
EndProject
Project("{FAE04EC0-301F-11D3-BF4B-00C04F79EFBC}") = "MailSendService", "MailSendService\MailSendService.csproj", "{F9087628-6CDC-41DC-A3C4-A38700C0824F}"
EndProject
Global
	GlobalSection(SolutionConfigurationPlatforms) = preSolution
		Debug|Any CPU = Debug|Any CPU
		Release|Any CPU = Release|Any CPU
	EndGlobalSection
	GlobalSection(ProjectConfigurationPlatforms) = postSolution
		{A7EFFE23-961B-4AEE-B389-2CE058AE62C7}.Debug|Any CPU.ActiveCfg = Debug|Any CPU
		{A7EFFE23-961B-4AEE-B389-2CE058AE62C7}.Debug|Any CPU.Build.0 = Debug|Any CPU
		{A7EFFE23-961B-4AEE-B389-2CE058AE62C7}.Release|Any CPU.ActiveCfg = Release|Any CPU
		{A7EFFE23-961B-4AEE-B389-2CE058AE62C7}.Release|Any CPU.Build.0 = Release|Any CPU
		{E470E3E9-6289-411D-8B35-913E9DC1A180}.Debug|Any CPU.ActiveCfg = Debug|Any CPU
		{E470E3E9-6289-411D-8B35-913E9DC1A180}.Debug|Any CPU.Build.0 = Debug|Any CPU
		{E470E3E9-6289-411D-8B35-913E9DC1A180}.Release|Any CPU.ActiveCfg = Release|Any CPU
		{E470E3E9-6289-411D-8B35-913E9DC1A180}.Release|Any CPU.Build.0 = Release|Any CPU
		{CA808AEB-EB3C-42DD-8CEE-EB94E60C7C5A}.Debug|Any CPU.ActiveCfg = Debug|Any CPU
		{CA808AEB-EB3C-42DD-8CEE-EB94E60C7C5A}.Debug|Any CPU.Build.0 = Debug|Any CPU
		{CA808AEB-EB3C-42DD-8CEE-EB94E60C7C5A}.Release|Any CPU.ActiveCfg = Release|Any CPU
		{CA808AEB-EB3C-42DD-8CEE-EB94E60C7C5A}.Release|Any CPU.Build.0 = Release|Any CPU
		{0200BDC9-AC5E-4EC2-8AE1-BB07E1BBCB52}.Debug|Any CPU.ActiveCfg = Debug|Any CPU
		{0200BDC9-AC5E-4EC2-8AE1-BB07E1BBCB52}.Debug|Any CPU.Build.0 = Debug|Any CPU
		{0200BDC9-AC5E-4EC2-8AE1-BB07E1BBCB52}.Release|Any CPU.ActiveCfg = Release|Any CPU
		{0200BDC9-AC5E-4EC2-8AE1-BB07E1BBCB52}.Release|Any CPU.Build.0 = Release|Any CPU
		{DE235728-B69D-4BEF-95E1-ECBFD7FAFC47}.Debug|Any CPU.ActiveCfg = Debug|Any CPU
		{DE235728-B69D-4BEF-95E1-ECBFD7FAFC47}.Debug|Any CPU.Build.0 = Debug|Any CPU
		{DE235728-B69D-4BEF-95E1-ECBFD7FAFC47}.Release|Any CPU.ActiveCfg = Release|Any CPU
		{DE235728-B69D-4BEF-95E1-ECBFD7FAFC47}.Release|Any CPU.Build.0 = Release|Any CPU
		{C4719F62-201B-4F52-99C8-85BB3DE2CED0}.Debug|Any CPU.ActiveCfg = Debug|Any CPU
		{C4719F62-201B-4F52-99C8-85BB3DE2CED0}.Debug|Any CPU.Build.0 = Debug|Any CPU
		{C4719F62-201B-4F52-99C8-85BB3DE2CED0}.Release|Any CPU.ActiveCfg = Release|Any CPU
		{C4719F62-201B-4F52-99C8-85BB3DE2CED0}.Release|Any CPU.Build.0 = Release|Any CPU
		{6F88A04D-7B66-4529-B8CA-ACA3CBA99258}.Debug|Any CPU.ActiveCfg = Debug|Any CPU
		{6F88A04D-7B66-4529-B8CA-ACA3CBA99258}.Debug|Any CPU.Build.0 = Debug|Any CPU
		{6F88A04D-7B66-4529-B8CA-ACA3CBA99258}.Release|Any CPU.ActiveCfg = Release|Any CPU
		{6F88A04D-7B66-4529-B8CA-ACA3CBA99258}.Release|Any CPU.Build.0 = Release|Any CPU
		{821E14C1-7B01-46C2-86E5-D834D15988E1}.Debug|Any CPU.ActiveCfg = Debug|Any CPU
		{821E14C1-7B01-46C2-86E5-D834D15988E1}.Debug|Any CPU.Build.0 = Debug|Any CPU
		{821E14C1-7B01-46C2-86E5-D834D15988E1}.Release|Any CPU.ActiveCfg = Release|Any CPU
		{821E14C1-7B01-46C2-86E5-D834D15988E1}.Release|Any CPU.Build.0 = Release|Any CPU
		{F9087628-6CDC-41DC-A3C4-A38700C0824F}.Debug|Any CPU.ActiveCfg = Debug|Any CPU
		{F9087628-6CDC-41DC-A3C4-A38700C0824F}.Debug|Any CPU.Build.0 = Debug|Any CPU
		{F9087628-6CDC-41DC-A3C4-A38700C0824F}.Release|Any CPU.ActiveCfg = Release|Any CPU
		{F9087628-6CDC-41DC-A3C4-A38700C0824F}.Release|Any CPU.Build.0 = Release|Any CPU
	EndGlobalSection
	GlobalSection(SolutionProperties) = preSolution
		HideSolutionNode = FALSE
	EndGlobalSection
	GlobalSection(NestedProjects) = preSolution
		{A7EFFE23-961B-4AEE-B389-2CE058AE62C7} = {F719BF57-D03C-440F-B639-7F364B83C6C1}
		{E470E3E9-6289-411D-8B35-913E9DC1A180} = {AB7B46CE-D0E8-4663-B35E-B37D170C5AD5}
		{CA808AEB-EB3C-42DD-8CEE-EB94E60C7C5A} = {AB7B46CE-D0E8-4663-B35E-B37D170C5AD5}
		{0200BDC9-AC5E-4EC2-8AE1-BB07E1BBCB52} = {795A772D-5970-412F-A6C3-1E88D2C925CB}
		{DE235728-B69D-4BEF-95E1-ECBFD7FAFC47} = {795A772D-5970-412F-A6C3-1E88D2C925CB}
		{F719BF57-D03C-440F-B639-7F364B83C6C1} = {0210CEBA-E115-40F5-ABA8-F6C1C6E6FA38}
		{AB7B46CE-D0E8-4663-B35E-B37D170C5AD5} = {0210CEBA-E115-40F5-ABA8-F6C1C6E6FA38}
		{795A772D-5970-412F-A6C3-1E88D2C925CB} = {0210CEBA-E115-40F5-ABA8-F6C1C6E6FA38}
		{7CF2D32F-8041-43AF-867B-ACF3CC397C4C} = {0210CEBA-E115-40F5-ABA8-F6C1C6E6FA38}
		{4ACFF853-4C8E-4E3E-AAD7-A04F0D13C2E8} = {0210CEBA-E115-40F5-ABA8-F6C1C6E6FA38}
		{C4719F62-201B-4F52-99C8-85BB3DE2CED0} = {4ACFF853-4C8E-4E3E-AAD7-A04F0D13C2E8}
		{9F97AABA-7FC5-49BA-8522-31DC40C02B4E} = {0210CEBA-E115-40F5-ABA8-F6C1C6E6FA38}
		{6F88A04D-7B66-4529-B8CA-ACA3CBA99258} = {9F97AABA-7FC5-49BA-8522-31DC40C02B4E}
		{BDBCC5A4-A757-4DAD-9E0A-0E54F581DC86} = {7CF2D32F-8041-43AF-867B-ACF3CC397C4C}
		{4A1F705B-F1DA-4A4E-A170-1EDAE69156E6} = {0210CEBA-E115-40F5-ABA8-F6C1C6E6FA38}
		{821E14C1-7B01-46C2-86E5-D834D15988E1} = {4A1F705B-F1DA-4A4E-A170-1EDAE69156E6}
		{DF9DA0E2-983D-43BF-B478-F4AFF5A75A46} = {0210CEBA-E115-40F5-ABA8-F6C1C6E6FA38}
		{F9087628-6CDC-41DC-A3C4-A38700C0824F} = {DF9DA0E2-983D-43BF-B478-F4AFF5A75A46}
	EndGlobalSection
	GlobalSection(ExtensibilityGlobals) = postSolution
		SolutionGuid = {66B88988-4F5A-4194-81EE-51718A09D0E8}
	EndGlobalSection
EndGlobal
