
Microsoft Visual Studio Solution File, Format Version 12.00
# Visual Studio Version 17
VisualStudioVersion = 17.6.33723.286
MinimumVisualStudioVersion = 10.0.40219.1
Project("{FAE04EC0-301F-11D3-BF4B-00C04F79EFBC}") = "PostgreCRUD", "PostgreCRUD\PostgreCRUD.csproj", "{6A9E6B1A-E713-4035-8A16-AC8E1B58593D}"
EndProject
Global
	GlobalSection(SolutionConfigurationPlatforms) = preSolution
		Debug|Any CPU = Debug|Any CPU
		Release|Any CPU = Release|Any CPU
	EndGlobalSection
	GlobalSection(ProjectConfigurationPlatforms) = postSolution
		{6A9E6B1A-E713-4035-8A16-AC8E1B58593D}.Debug|Any CPU.ActiveCfg = Debug|Any CPU
		{6A9E6B1A-E713-4035-8A16-AC8E1B58593D}.Debug|Any CPU.Build.0 = Debug|Any CPU
		{6A9E6B1A-E713-4035-8A16-AC8E1B58593D}.Release|Any CPU.ActiveCfg = Release|Any CPU
		{6A9E6B1A-E713-4035-8A16-AC8E1B58593D}.Release|Any CPU.Build.0 = Release|Any CPU
	EndGlobalSection
	GlobalSection(SolutionProperties) = preSolution
		HideSolutionNode = FALSE
	EndGlobalSection
	GlobalSection(ExtensibilityGlobals) = postSolution
		SolutionGuid = {84F1BF07-77A1-4B08-AF58-A7B28CC4B3F4}
	EndGlobalSection
EndGlobal
